
Microsoft Visual Studio Solution File, Format Version 12.00
# Visual Studio Version 17
VisualStudioVersion = 17.9.34701.34
MinimumVisualStudioVersion = 10.0.40219.1
Project("{FAE04EC0-301F-11D3-BF4B-00C04F79EFBC}") = "AgriConnect MVC", "AgriConnect MVC\AgriConnect MVC.csproj", "{689D03E1-32E9-4D6C-B968-D19C6C46DC27}"
EndProject
Global
	GlobalSection(SolutionConfigurationPlatforms) = preSolution
		Debug|Any CPU = Debug|Any CPU
		Release|Any CPU = Release|Any CPU
	EndGlobalSection
	GlobalSection(ProjectConfigurationPlatforms) = postSolution
		{689D03E1-32E9-4D6C-B968-D19C6C46DC27}.Debug|Any CPU.ActiveCfg = Debug|Any CPU
		{689D03E1-32E9-4D6C-B968-D19C6C46DC27}.Debug|Any CPU.Build.0 = Debug|Any CPU
		{689D03E1-32E9-4D6C-B968-D19C6C46DC27}.Release|Any CPU.ActiveCfg = Release|Any CPU
		{689D03E1-32E9-4D6C-B968-D19C6C46DC27}.Release|Any CPU.Build.0 = Release|Any CPU
	EndGlobalSection
	GlobalSection(SolutionProperties) = preSolution
		HideSolutionNode = FALSE
	EndGlobalSection
	GlobalSection(ExtensibilityGlobals) = postSolution
		SolutionGuid = {B3FF0F96-B7DB-4E64-A99B-D7F4BC1CF4E4}
	EndGlobalSection
EndGlobal
